
Microsoft Visual Studio Solution File, Format Version 12.00
# Visual Studio Version 16
VisualStudioVersion = 16.0.31424.327
MinimumVisualStudioVersion = 10.0.40219.1
Project("{9A19103F-16F7-4668-BE54-9A1E7A4F7556}") = "Spidey", "Spidey\Spidey.csproj", "{A0595C85-2983-47E0-ADA9-F84734AAFB43}"
EndProject
Project("{9A19103F-16F7-4668-BE54-9A1E7A4F7556}") = "Spidey.Tests", "Spidey.Tests\Spidey.Tests.csproj", "{A07D04F4-A2C4-4D8B-8A72-1BCF4F85319E}"
EndProject
Global
	GlobalSection(SolutionConfigurationPlatforms) = preSolution
		Debug|Any CPU = Debug|Any CPU
		Release|Any CPU = Release|Any CPU
	EndGlobalSection
	GlobalSection(ProjectConfigurationPlatforms) = postSolution
		{A0595C85-2983-47E0-ADA9-F84734AAFB43}.Debug|Any CPU.ActiveCfg = Debug|Any CPU
		{A0595C85-2983-47E0-ADA9-F84734AAFB43}.Debug|Any CPU.Build.0 = Debug|Any CPU
		{A0595C85-2983-47E0-ADA9-F84734AAFB43}.Release|Any CPU.ActiveCfg = Release|Any CPU
		{A0595C85-2983-47E0-ADA9-F84734AAFB43}.Release|Any CPU.Build.0 = Release|Any CPU
		{A07D04F4-A2C4-4D8B-8A72-1BCF4F85319E}.Debug|Any CPU.ActiveCfg = Debug|Any CPU
		{A07D04F4-A2C4-4D8B-8A72-1BCF4F85319E}.Debug|Any CPU.Build.0 = Debug|Any CPU
		{A07D04F4-A2C4-4D8B-8A72-1BCF4F85319E}.Release|Any CPU.ActiveCfg = Release|Any CPU
		{A07D04F4-A2C4-4D8B-8A72-1BCF4F85319E}.Release|Any CPU.Build.0 = Release|Any CPU
	EndGlobalSection
	GlobalSection(SolutionProperties) = preSolution
		HideSolutionNode = FALSE
	EndGlobalSection
	GlobalSection(ExtensibilityGlobals) = postSolution
		SolutionGuid = {1C3AE2EA-AE44-4DE1-8A20-4567E113777C}
	EndGlobalSection
EndGlobal
